// !$*UTF8*$!
{
	archiveVersion = 1;
	classes = {
	};
	objectVersion = 55;
	objects = {

/* Begin PBXBuildFile section */
		6A66E30B295CC6D900C2B217 /* CustomTableViewCell.swift in Sources */ = {isa = PBXBuildFile; fileRef = 6A66E30A295CC6D900C2B217 /* CustomTableViewCell.swift */; };
		6AB72286295B032300E5B450 /* VersionViewController.swift in Sources */ = {isa = PBXBuildFile; fileRef = 6AB72285295B032300E5B450 /* VersionViewController.swift */; };
		6AB72288295B0F5900E5B450 /* AddNewHabitViewController.swift in Sources */ = {isa = PBXBuildFile; fileRef = 6AB72287295B0F5900E5B450 /* AddNewHabitViewController.swift */; };
		6AB7228B295B618200E5B450 /* TwoDay.xcdatamodeld in Sources */ = {isa = PBXBuildFile; fileRef = 6AB72289295B618200E5B450 /* TwoDay.xcdatamodeld */; };
		6AB7228D295B7A9300E5B450 /* CalendarViewController.swift in Sources */ = {isa = PBXBuildFile; fileRef = 6AB7228C295B7A9300E5B450 /* CalendarViewController.swift */; };
		6AB9231F2961CDF300C52022 /* ViewController.swift in Sources */ = {isa = PBXBuildFile; fileRef = 6AEB81B6295ADA4C00458141 /* ViewController.swift */; };
		6AEB81B3295ADA4C00458141 /* AppDelegate.swift in Sources */ = {isa = PBXBuildFile; fileRef = 6AEB81B2295ADA4C00458141 /* AppDelegate.swift */; };
		6AEB81B5295ADA4C00458141 /* SceneDelegate.swift in Sources */ = {isa = PBXBuildFile; fileRef = 6AEB81B4295ADA4C00458141 /* SceneDelegate.swift */; };
		6AEB81BA295ADA4C00458141 /* Main.storyboard in Resources */ = {isa = PBXBuildFile; fileRef = 6AEB81B8295ADA4C00458141 /* Main.storyboard */; };
		6AEB81BC295ADA4D00458141 /* Assets.xcassets in Resources */ = {isa = PBXBuildFile; fileRef = 6AEB81BB295ADA4D00458141 /* Assets.xcassets */; };
		6AEB81BF295ADA4D00458141 /* LaunchScreen.storyboard in Resources */ = {isa = PBXBuildFile; fileRef = 6AEB81BD295ADA4D00458141 /* LaunchScreen.storyboard */; };
		6AEB81C7295ADB5C00458141 /* SettingsViewController.swift in Sources */ = {isa = PBXBuildFile; fileRef = 6AEB81C6295ADB5C00458141 /* SettingsViewController.swift */; };
/* End PBXBuildFile section */

/* Begin PBXFileReference section */
		6A66E30A295CC6D900C2B217 /* CustomTableViewCell.swift */ = {isa = PBXFileReference; lastKnownFileType = sourcecode.swift; path = CustomTableViewCell.swift; sourceTree = "<group>"; };
		6AB72285295B032300E5B450 /* VersionViewController.swift */ = {isa = PBXFileReference; lastKnownFileType = sourcecode.swift; path = VersionViewController.swift; sourceTree = "<group>"; };
		6AB72287295B0F5900E5B450 /* AddNewHabitViewController.swift */ = {isa = PBXFileReference; lastKnownFileType = sourcecode.swift; path = AddNewHabitViewController.swift; sourceTree = "<group>"; };
		6AB7228A295B618200E5B450 /* TwoDay.xcdatamodel */ = {isa = PBXFileReference; lastKnownFileType = wrapper.xcdatamodel; path = TwoDay.xcdatamodel; sourceTree = "<group>"; };
		6AB7228C295B7A9300E5B450 /* CalendarViewController.swift */ = {isa = PBXFileReference; lastKnownFileType = sourcecode.swift; path = CalendarViewController.swift; sourceTree = "<group>"; };
		6AEB81AF295ADA4C00458141 /* Two Day.app */ = {isa = PBXFileReference; explicitFileType = wrapper.application; includeInIndex = 0; path = "Two Day.app"; sourceTree = BUILT_PRODUCTS_DIR; };
		6AEB81B2295ADA4C00458141 /* AppDelegate.swift */ = {isa = PBXFileReference; lastKnownFileType = sourcecode.swift; path = AppDelegate.swift; sourceTree = "<group>"; };
		6AEB81B4295ADA4C00458141 /* SceneDelegate.swift */ = {isa = PBXFileReference; lastKnownFileType = sourcecode.swift; path = SceneDelegate.swift; sourceTree = "<group>"; };
		6AEB81B6295ADA4C00458141 /* ViewController.swift */ = {isa = PBXFileReference; lastKnownFileType = sourcecode.swift; path = ViewController.swift; sourceTree = "<group>"; };
		6AEB81B9295ADA4C00458141 /* Base */ = {isa = PBXFileReference; lastKnownFileType = file.storyboard; name = Base; path = Base.lproj/Main.storyboard; sourceTree = "<group>"; };
		6AEB81BB295ADA4D00458141 /* Assets.xcassets */ = {isa = PBXFileReference; lastKnownFileType = folder.assetcatalog; path = Assets.xcassets; sourceTree = "<group>"; };
		6AEB81BE295ADA4D00458141 /* Base */ = {isa = PBXFileReference; lastKnownFileType = file.storyboard; name = Base; path = Base.lproj/LaunchScreen.storyboard; sourceTree = "<group>"; };
		6AEB81C0295ADA4D00458141 /* Info.plist */ = {isa = PBXFileReference; lastKnownFileType = text.plist.xml; path = Info.plist; sourceTree = "<group>"; };
		6AEB81C6295ADB5C00458141 /* SettingsViewController.swift */ = {isa = PBXFileReference; lastKnownFileType = sourcecode.swift; path = SettingsViewController.swift; sourceTree = "<group>"; };
/* End PBXFileReference section */

/* Begin PBXFrameworksBuildPhase section */
		6AEB81AC295ADA4C00458141 /* Frameworks */ = {
			isa = PBXFrameworksBuildPhase;
			buildActionMask = 2147483647;
			files = (
			);
			runOnlyForDeploymentPostprocessing = 0;
		};
/* End PBXFrameworksBuildPhase section */

/* Begin PBXGroup section */
		6AEB81A6295ADA4C00458141 = {
			isa = PBXGroup;
			children = (
				6AEB81B1295ADA4C00458141 /* Two Day */,
				6AEB81B0295ADA4C00458141 /* Products */,
			);
			sourceTree = "<group>";
		};
		6AEB81B0295ADA4C00458141 /* Products */ = {
			isa = PBXGroup;
			children = (
				6AEB81AF295ADA4C00458141 /* Two Day.app */,
			);
			name = Products;
			sourceTree = "<group>";
		};
		6AEB81B1295ADA4C00458141 /* Two Day */ = {
			isa = PBXGroup;
			children = (
				6AEB81B2295ADA4C00458141 /* AppDelegate.swift */,
				6AEB81B4295ADA4C00458141 /* SceneDelegate.swift */,
				6AEB81B6295ADA4C00458141 /* ViewController.swift */,
				6AB72287295B0F5900E5B450 /* AddNewHabitViewController.swift */,
				6AB7228C295B7A9300E5B450 /* CalendarViewController.swift */,
				6AEB81C6295ADB5C00458141 /* SettingsViewController.swift */,
				6AB72285295B032300E5B450 /* VersionViewController.swift */,
				6AEB81B8295ADA4C00458141 /* Main.storyboard */,
				6AEB81BB295ADA4D00458141 /* Assets.xcassets */,
				6AEB81BD295ADA4D00458141 /* LaunchScreen.storyboard */,
				6AEB81C0295ADA4D00458141 /* Info.plist */,
				6AB72289295B618200E5B450 /* TwoDay.xcdatamodeld */,
				6A66E30A295CC6D900C2B217 /* CustomTableViewCell.swift */,
			);
			path = "Two Day";
			sourceTree = "<group>";
		};
/* End PBXGroup section */

/* Begin PBXNativeTarget section */
		6AEB81AE295ADA4C00458141 /* Two Day */ = {
			isa = PBXNativeTarget;
			buildConfigurationList = 6AEB81C3295ADA4D00458141 /* Build configuration list for PBXNativeTarget "Two Day" */;
			buildPhases = (
				6AEB81AB295ADA4C00458141 /* Sources */,
				6AEB81AC295ADA4C00458141 /* Frameworks */,
				6AEB81AD295ADA4C00458141 /* Resources */,
			);
			buildRules = (
			);
			dependencies = (
			);
			name = "Two Day";
			productName = "Two Day";
			productReference = 6AEB81AF295ADA4C00458141 /* Two Day.app */;
			productType = "com.apple.product-type.application";
		};
/* End PBXNativeTarget section */

/* Begin PBXProject section */
		6AEB81A7295ADA4C00458141 /* Project object */ = {
			isa = PBXProject;
			attributes = {
				BuildIndependentTargetsInParallel = 1;
				LastSwiftUpdateCheck = 1340;
				LastUpgradeCheck = 1340;
				TargetAttributes = {
					6AEB81AE295ADA4C00458141 = {
						CreatedOnToolsVersion = 13.4.1;
					};
				};
			};
			buildConfigurationList = 6AEB81AA295ADA4C00458141 /* Build configuration list for PBXProject "Two Day" */;
			compatibilityVersion = "Xcode 13.0";
			developmentRegion = en;
			hasScannedForEncodings = 0;
			knownRegions = (
				en,
				Base,
			);
			mainGroup = 6AEB81A6295ADA4C00458141;
			productRefGroup = 6AEB81B0295ADA4C00458141 /* Products */;
			projectDirPath = "";
			projectRoot = "";
			targets = (
				6AEB81AE295ADA4C00458141 /* Two Day */,
			);
		};
/* End PBXProject section */

/* Begin PBXResourcesBuildPhase section */
		6AEB81AD295ADA4C00458141 /* Resources */ = {
			isa = PBXResourcesBuildPhase;
			buildActionMask = 2147483647;
			files = (
				6AEB81BF295ADA4D00458141 /* LaunchScreen.storyboard in Resources */,
				6AEB81BC295ADA4D00458141 /* Assets.xcassets in Resources */,
				6AEB81BA295ADA4C00458141 /* Main.storyboard in Resources */,
			);
			runOnlyForDeploymentPostprocessing = 0;
		};
/* End PBXResourcesBuildPhase section */

/* Begin PBXSourcesBuildPhase section */
		6AEB81AB295ADA4C00458141 /* Sources */ = {
			isa = PBXSourcesBuildPhase;
			buildActionMask = 2147483647;
			files = (
				6A66E30B295CC6D900C2B217 /* CustomTableViewCell.swift in Sources */,
				6AB7228D295B7A9300E5B450 /* CalendarViewController.swift in Sources */,
				6AB72288295B0F5900E5B450 /* AddNewHabitViewController.swift in Sources */,
				6AB9231F2961CDF300C52022 /* ViewController.swift in Sources */,
				6AB7228B295B618200E5B450 /* TwoDay.xcdatamodeld in Sources */,
				6AEB81B3295ADA4C00458141 /* AppDelegate.swift in Sources */,
				6AB72286295B032300E5B450 /* VersionViewController.swift in Sources */,
				6AEB81B5295ADA4C00458141 /* SceneDelegate.swift in Sources */,
				6AEB81C7295ADB5C00458141 /* SettingsViewController.swift in Sources */,
			);
			runOnlyForDeploymentPostprocessing = 0;
		};
/* End PBXSourcesBuildPhase section */

/* Begin PBXVariantGroup section */
		6AEB81B8295ADA4C00458141 /* Main.storyboard */ = {
			isa = PBXVariantGroup;
			children = (
				6AEB81B9295ADA4C00458141 /* Base */,
			);
			name = Main.storyboard;
			sourceTree = "<group>";
		};
		6AEB81BD295ADA4D00458141 /* LaunchScreen.storyboard */ = {
			isa = PBXVariantGroup;
			children = (
				6AEB81BE295ADA4D00458141 /* Base */,
			);
			name = LaunchScreen.storyboard;
			sourceTree = "<group>";
		};
/* End PBXVariantGroup section */

/* Begin XCBuildConfiguration section */
		6AEB81C1295ADA4D00458141 /* Debug */ = {
			isa = XCBuildConfiguration;
			buildSettings = {
				ALWAYS_SEARCH_USER_PATHS = NO;
				CLANG_ANALYZER_NONNULL = YES;
				CLANG_ANALYZER_NUMBER_OBJECT_CONVERSION = YES_AGGRESSIVE;
				CLANG_CXX_LANGUAGE_STANDARD = "gnu++17";
				CLANG_ENABLE_MODULES = YES;
				CLANG_ENABLE_OBJC_ARC = YES;
				CLANG_ENABLE_OBJC_WEAK = YES;
				CLANG_WARN_BLOCK_CAPTURE_AUTORELEASING = YES;
				CLANG_WARN_BOOL_CONVERSION = YES;
				CLANG_WARN_COMMA = YES;
				CLANG_WARN_CONSTANT_CONVERSION = YES;
				CLANG_WARN_DEPRECATED_OBJC_IMPLEMENTATIONS = YES;
				CLANG_WARN_DIRECT_OBJC_ISA_USAGE = YES_ERROR;
				CLANG_WARN_DOCUMENTATION_COMMENTS = YES;
				CLANG_WARN_EMPTY_BODY = YES;
				CLANG_WARN_ENUM_CONVERSION = YES;
				CLANG_WARN_INFINITE_RECURSION = YES;
				CLANG_WARN_INT_CONVERSION = YES;
				CLANG_WARN_NON_LITERAL_NULL_CONVERSION = YES;
				CLANG_WARN_OBJC_IMPLICIT_RETAIN_SELF = YES;
				CLANG_WARN_OBJC_LITERAL_CONVERSION = YES;
				CLANG_WARN_OBJC_ROOT_CLASS = YES_ERROR;
				CLANG_WARN_QUOTED_INCLUDE_IN_FRAMEWORK_HEADER = YES;
				CLANG_WARN_RANGE_LOOP_ANALYSIS = YES;
				CLANG_WARN_STRICT_PROTOTYPES = YES;
				CLANG_WARN_SUSPICIOUS_MOVE = YES;
				CLANG_WARN_UNGUARDED_AVAILABILITY = YES_AGGRESSIVE;
				CLANG_WARN_UNREACHABLE_CODE = YES;
				CLANG_WARN__DUPLICATE_METHOD_MATCH = YES;
				COPY_PHASE_STRIP = NO;
				DEBUG_INFORMATION_FORMAT = dwarf;
				ENABLE_STRICT_OBJC_MSGSEND = YES;
				ENABLE_TESTABILITY = YES;
				GCC_C_LANGUAGE_STANDARD = gnu11;
				GCC_DYNAMIC_NO_PIC = NO;
				GCC_NO_COMMON_BLOCKS = YES;
				GCC_OPTIMIZATION_LEVEL = 0;
				GCC_PREPROCESSOR_DEFINITIONS = (
					"DEBUG=1",
					"$(inherited)",
				);
				GCC_WARN_64_TO_32_BIT_CONVERSION = YES;
				GCC_WARN_ABOUT_RETURN_TYPE = YES_ERROR;
				GCC_WARN_UNDECLARED_SELECTOR = YES;
				GCC_WARN_UNINITIALIZED_AUTOS = YES_AGGRESSIVE;
				GCC_WARN_UNUSED_FUNCTION = YES;
				GCC_WARN_UNUSED_VARIABLE = YES;
				IPHONEOS_DEPLOYMENT_TARGET = 15.5;
				MTL_ENABLE_DEBUG_INFO = INCLUDE_SOURCE;
				MTL_FAST_MATH = YES;
				ONLY_ACTIVE_ARCH = YES;
				SDKROOT = iphoneos;
				SWIFT_ACTIVE_COMPILATION_CONDITIONS = DEBUG;
				SWIFT_OPTIMIZATION_LEVEL = "-Onone";
			};
			name = Debug;
		};
		6AEB81C2295ADA4D00458141 /* Release */ = {
			isa = XCBuildConfiguration;
			buildSettings = {
				ALWAYS_SEARCH_USER_PATHS = NO;
				CLANG_ANALYZER_NONNULL = YES;
				CLANG_ANALYZER_NUMBER_OBJECT_CONVERSION = YES_AGGRESSIVE;
				CLANG_CXX_LANGUAGE_STANDARD = "gnu++17";
				CLANG_ENABLE_MODULES = YES;
				CLANG_ENABLE_OBJC_ARC = YES;
				CLANG_ENABLE_OBJC_WEAK = YES;
				CLANG_WARN_BLOCK_CAPTURE_AUTORELEASING = YES;
				CLANG_WARN_BOOL_CONVERSION = YES;
				CLANG_WARN_COMMA = YES;
				CLANG_WARN_CONSTANT_CONVERSION = YES;
				CLANG_WARN_DEPRECATED_OBJC_IMPLEMENTATIONS = YES;
				CLANG_WARN_DIRECT_OBJC_ISA_USAGE = YES_ERROR;
				CLANG_WARN_DOCUMENTATION_COMMENTS = YES;
				CLANG_WARN_EMPTY_BODY = YES;
				CLANG_WARN_ENUM_CONVERSION = YES;
				CLANG_WARN_INFINITE_RECURSION = YES;
				CLANG_WARN_INT_CONVERSION = YES;
				CLANG_WARN_NON_LITERAL_NULL_CONVERSION = YES;
				CLANG_WARN_OBJC_IMPLICIT_RETAIN_SELF = YES;
				CLANG_WARN_OBJC_LITERAL_CONVERSION = YES;
				CLANG_WARN_OBJC_ROOT_CLASS = YES_ERROR;
				CLANG_WARN_QUOTED_INCLUDE_IN_FRAMEWORK_HEADER = YES;
				CLANG_WARN_RANGE_LOOP_ANALYSIS = YES;
				CLANG_WARN_STRICT_PROTOTYPES = YES;
				CLANG_WARN_SUSPICIOUS_MOVE = YES;
				CLANG_WARN_UNGUARDED_AVAILABILITY = YES_AGGRESSIVE;
				CLANG_WARN_UNREACHABLE_CODE = YES;
				CLANG_WARN__DUPLICATE_METHOD_MATCH = YES;
				COPY_PHASE_STRIP = NO;
				DEBUG_INFORMATION_FORMAT = "dwarf-with-dsym";
				ENABLE_NS_ASSERTIONS = NO;
				ENABLE_STRICT_OBJC_MSGSEND = YES;
				GCC_C_LANGUAGE_STANDARD = gnu11;
				GCC_NO_COMMON_BLOCKS = YES;
				GCC_WARN_64_TO_32_BIT_CONVERSION = YES;
				GCC_WARN_ABOUT_RETURN_TYPE = YES_ERROR;
				GCC_WARN_UNDECLARED_SELECTOR = YES;
				GCC_WARN_UNINITIALIZED_AUTOS = YES_AGGRESSIVE;
				GCC_WARN_UNUSED_FUNCTION = YES;
				GCC_WARN_UNUSED_VARIABLE = YES;
				IPHONEOS_DEPLOYMENT_TARGET = 15.5;
				MTL_ENABLE_DEBUG_INFO = NO;
				MTL_FAST_MATH = YES;
				SDKROOT = iphoneos;
				SWIFT_COMPILATION_MODE = wholemodule;
				SWIFT_OPTIMIZATION_LEVEL = "-O";
				VALIDATE_PRODUCT = YES;
			};
			name = Release;
		};
		6AEB81C4295ADA4D00458141 /* Debug */ = {
			isa = XCBuildConfiguration;
			buildSettings = {
				ASSETCATALOG_COMPILER_APPICON_NAME = AppIcon;
				ASSETCATALOG_COMPILER_GLOBAL_ACCENT_COLOR_NAME = AccentColor;
				CODE_SIGN_STYLE = Automatic;
				CURRENT_PROJECT_VERSION = 1;
				DEVELOPMENT_TEAM = D4LQGMGRF2;
				GENERATE_INFOPLIST_FILE = YES;
				INFOPLIST_FILE = "Two Day/Info.plist";
				INFOPLIST_KEY_UIApplicationSupportsIndirectInputEvents = YES;
				INFOPLIST_KEY_UILaunchStoryboardName = LaunchScreen;
				INFOPLIST_KEY_UIMainStoryboardFile = Main;
				INFOPLIST_KEY_UISupportedInterfaceOrientations_iPad = "UIInterfaceOrientationPortrait UIInterfaceOrientationPortraitUpsideDown UIInterfaceOrientationLandscapeLeft UIInterfaceOrientationLandscapeRight";
				INFOPLIST_KEY_UISupportedInterfaceOrientations_iPhone = "UIInterfaceOrientationPortrait UIInterfaceOrientationLandscapeLeft UIInterfaceOrientationLandscapeRight";
				LD_RUNPATH_SEARCH_PATHS = (
					"$(inherited)",
					"@executable_path/Frameworks",
				);
				MARKETING_VERSION = 1.0;
				PRODUCT_BUNDLE_IDENTIFIER = "com.ogulcanasa.Two-Day";
				PRODUCT_NAME = "$(TARGET_NAME)";
				SWIFT_EMIT_LOC_STRINGS = YES;
				SWIFT_VERSION = 5.0;
				TARGETED_DEVICE_FAMILY = "1,2";
			};
			name = Debug;
		};
		6AEB81C5295ADA4D00458141 /* Release */ = {
			isa = XCBuildConfiguration;
			buildSettings = {
				ASSETCATALOG_COMPILER_APPICON_NAME = AppIcon;
				ASSETCATALOG_COMPILER_GLOBAL_ACCENT_COLOR_NAME = AccentColor;
				CODE_SIGN_STYLE = Automatic;
				CURRENT_PROJECT_VERSION = 1;
				DEVELOPMENT_TEAM = D4LQGMGRF2;
				GENERATE_INFOPLIST_FILE = YES;
				INFOPLIST_FILE = "Two Day/Info.plist";
				INFOPLIST_KEY_UIApplicationSupportsIndirectInputEvents = YES;
				INFOPLIST_KEY_UILaunchStoryboardName = LaunchScreen;
				INFOPLIST_KEY_UIMainStoryboardFile = Main;
				INFOPLIST_KEY_UISupportedInterfaceOrientations_iPad = "UIInterfaceOrientationPortrait UIInterfaceOrientationPortraitUpsideDown UIInterfaceOrientationLandscapeLeft UIInterfaceOrientationLandscapeRight";
				INFOPLIST_KEY_UISupportedInterfaceOrientations_iPhone = "UIInterfaceOrientationPortrait UIInterfaceOrientationLandscapeLeft UIInterfaceOrientationLandscapeRight";
				LD_RUNPATH_SEARCH_PATHS = (
					"$(inherited)",
					"@executable_path/Frameworks",
				);
				MARKETING_VERSION = 1.0;
				PRODUCT_BUNDLE_IDENTIFIER = "com.ogulcanasa.Two-Day";
				PRODUCT_NAME = "$(TARGET_NAME)";
				SWIFT_EMIT_LOC_STRINGS = YES;
				SWIFT_VERSION = 5.0;
				TARGETED_DEVICE_FAMILY = "1,2";
			};
			name = Release;
		};
/* End XCBuildConfiguration section */

/* Begin XCConfigurationList section */
		6AEB81AA295ADA4C00458141 /* Build configuration list for PBXProject "Two Day" */ = {
			isa = XCConfigurationList;
			buildConfigurations = (
				6AEB81C1295ADA4D00458141 /* Debug */,
				6AEB81C2295ADA4D00458141 /* Release */,
			);
			defaultConfigurationIsVisible = 0;
			defaultConfigurationName = Release;
		};
		6AEB81C3295ADA4D00458141 /* Build configuration list for PBXNativeTarget "Two Day" */ = {
			isa = XCConfigurationList;
			buildConfigurations = (
				6AEB81C4295ADA4D00458141 /* Debug */,
				6AEB81C5295ADA4D00458141 /* Release */,
			);
			defaultConfigurationIsVisible = 0;
			defaultConfigurationName = Release;
		};
/* End XCConfigurationList section */

/* Begin XCVersionGroup section */
		6AB72289295B618200E5B450 /* TwoDay.xcdatamodeld */ = {
			isa = XCVersionGroup;
			children = (
				6AB7228A295B618200E5B450 /* TwoDay.xcdatamodel */,
			);
			currentVersion = 6AB7228A295B618200E5B450 /* TwoDay.xcdatamodel */;
			path = TwoDay.xcdatamodeld;
			sourceTree = "<group>";
			versionGroupType = wrapper.xcdatamodel;
		};
/* End XCVersionGroup section */
	};
	rootObject = 6AEB81A7295ADA4C00458141 /* Project object */;
}
